
Microsoft Visual Studio Solution File, Format Version 12.00
# Visual Studio Version 17
VisualStudioVersion = 17.0.31825.309
MinimumVisualStudioVersion = 10.0.40219.1
Project("{9A19103F-16F7-4668-BE54-9A1E7A4F7556}") = "ArrayToExcel", "ArrayToExcel\ArrayToExcel.csproj", "{5BB42743-A84D-410C-A4E5-B612EF2AD5F0}"
EndProject
Project("{2150E333-8FDC-42A3-9474-1A3956D46DE8}") = "Solution Items", "Solution Items", "{DFA43145-49CC-4FD6-B5A8-C108DBCA5625}"
	ProjectSection(SolutionItems) = preProject
		.gitignore = .gitignore
		pack.ps1 = pack.ps1
		README.md = README.md
	EndProjectSection
EndProject
Project("{9A19103F-16F7-4668-BE54-9A1E7A4F7556}") = "Example.ConsoleApp", "Examples\Example.ConsoleApp\Example.ConsoleApp.csproj", "{4AC3695D-0129-431E-B110-ADA3B62047E9}"
EndProject
Global
	GlobalSection(SolutionConfigurationPlatforms) = preSolution
		Debug|Any CPU = Debug|Any CPU
		Release|Any CPU = Release|Any CPU
	EndGlobalSection
	GlobalSection(ProjectConfigurationPlatforms) = postSolution
		{5BB42743-A84D-410C-A4E5-B612EF2AD5F0}.Debug|Any CPU.ActiveCfg = Debug|Any CPU
		{5BB42743-A84D-410C-A4E5-B612EF2AD5F0}.Debug|Any CPU.Build.0 = Debug|Any CPU
		{5BB42743-A84D-410C-A4E5-B612EF2AD5F0}.Release|Any CPU.ActiveCfg = Release|Any CPU
		{5BB42743-A84D-410C-A4E5-B612EF2AD5F0}.Release|Any CPU.Build.0 = Release|Any CPU
		{4AC3695D-0129-431E-B110-ADA3B62047E9}.Debug|Any CPU.ActiveCfg = Debug|Any CPU
		{4AC3695D-0129-431E-B110-ADA3B62047E9}.Debug|Any CPU.Build.0 = Debug|Any CPU
		{4AC3695D-0129-431E-B110-ADA3B62047E9}.Release|Any CPU.ActiveCfg = Release|Any CPU
		{4AC3695D-0129-431E-B110-ADA3B62047E9}.Release|Any CPU.Build.0 = Release|Any CPU
	EndGlobalSection
	GlobalSection(SolutionProperties) = preSolution
		HideSolutionNode = FALSE
	EndGlobalSection
	GlobalSection(ExtensibilityGlobals) = postSolution
		SolutionGuid = {529DE01C-BB83-4F8D-9582-50BD84C99DE0}
	EndGlobalSection
EndGlobal
